<?xml version="1.0" encoding="utf-8"?>
<Project ToolsVersion="4.0" xmlns="http://schemas.microsoft.com/developer/msbuild/2003">
  <ItemGroup>
    <Filter Include="Source Files">
      <UniqueIdentifier>{f480cd95-d5a8-43da-b275-0ab12fdc0e51}</UniqueIdentifier>
      <Extensions>cpp;c;cxx;rc;def;r;odl;idl;hpj;bat</Extensions>
    </Filter>
    <Filter Include="Header Files">
      <UniqueIdentifier>{9b82e8eb-1798-46e8-9820-b8eb4554f5e4}</UniqueIdentifier>
      <Extensions>h;hpp;hxx;hm;inl</Extensions>
    </Filter>
  </ItemGroup>
  <ItemGroup>
    <ClCompile Include="..\..\lang\usenglish\us_aswd.c">
      <Filter>Source Files</Filter>
    </ClCompile>
    <ClCompile Include="..\..\lang\usenglish\us_dur_stats.c">
      <Filter>Source Files</Filter>
    </ClCompile>
    <ClCompile Include="..\..\lang\usenglish\us_durz_cart.c">
      <Filter>Source Files</Filter>
    </ClCompile>
    <ClCompile Include="..\..\lang\usenglish\us_expand.c">
      <Filter>Source Files</Filter>
    </ClCompile>
    <ClCompile Include="..\..\lang\usenglish\us_f0_model.c">
      <Filter>Source Files</Filter>
    </ClCompile>
    <ClCompile Include="..\..\lang\usenglish\us_f0lr.c">
      <Filter>Source Files</Filter>
    </ClCompile>
    <ClCompile Include="..\..\lang\usenglish\us_ffeatures.c">
      <Filter>Source Files</Filter>
    </ClCompile>
    <ClCompile Include="..\..\lang\usenglish\us_gpos.c">
      <Filter>Source Files</Filter>
    </ClCompile>
    <ClCompile Include="..\..\lang\usenglish\us_int_accent_cart.c">
      <Filter>Source Files</Filter>
    </ClCompile>
    <ClCompile Include="..\..\lang\usenglish\us_int_tone_cart.c">
      <Filter>Source Files</Filter>
    </ClCompile>
    <ClCompile Include="..\..\lang\usenglish\us_nums_cart.c">
      <Filter>Source Files</Filter>
    </ClCompile>
    <ClCompile Include="..\..\lang\usenglish\us_phoneset.c">
      <Filter>Source Files</Filter>
    </ClCompile>
    <ClCompile Include="..\..\lang\usenglish\us_phrasing_cart.c">
      <Filter>Source Files</Filter>
    </ClCompile>
    <ClCompile Include="..\..\lang\usenglish\us_pos_cart.c">
      <Filter>Source Files</Filter>
    </ClCompile>
    <ClCompile Include="..\..\lang\usenglish\us_text.c">
      <Filter>Source Files</Filter>
    </ClCompile>
    <ClCompile Include="..\..\lang\usenglish\usenglish.c">
      <Filter>Source Files</Filter>
    </ClCompile>
  </ItemGroup>
  <ItemGroup>
    <ClInclude Include="..\..\lang\usenglish\us_durz_cart.h">
      <Filter>Header Files</Filter>
    </ClInclude>
    <ClInclude Include="..\..\lang\usenglish\us_f0.h">
      <Filter>Header Files</Filter>
    </ClInclude>
    <ClInclude Include="..\..\lang\usenglish\us_ffeatures.h">
      <Filter>Header Files</Filter>
    </ClInclude>
    <ClInclude Include="..\..\lang\usenglish\us_int_accent_cart.h">
      <Filter>Header Files</Filter>
    </ClInclude>
    <ClInclude Include="..\..\lang\usenglish\us_int_tone_cart.h">
      <Filter>Header Files</Filter>
    </ClInclude>
    <ClInclude Include="..\..\lang\usenglish\us_nums_cart.h">
      <Filter>Header Files</Filter>
    </ClInclude>
    <ClInclude Include="..\..\lang\usenglish\us_phrasing_cart.h">
      <Filter>Header Files</Filter>
    </ClInclude>
    <ClInclude Include="..\..\lang\usenglish\us_pos_cart.h">
      <Filter>Header Files</Filter>
    </ClInclude>
    <ClInclude Include="..\..\lang\usenglish\us_regexes.h">
      <Filter>Header Files</Filter>
    </ClInclude>
    <ClInclude Include="..\..\lang\usenglish\us_text.h">
      <Filter>Header Files</Filter>
    </ClInclude>
    <ClInclude Include="..\..\lang\usenglish\usenglish.h">
      <Filter>Header Files</Filter>
    </ClInclude>
  </ItemGroup>
  <ItemGroup>
    <None Include="..\..\lang\usenglish\us_pos.tree" />
  </ItemGroup>
</Project>