
Microsoft Visual Studio Solution File, Format Version 12.00
# Visual Studio 14
VisualStudioVersion = 14.0.23107.0
MinimumVisualStudioVersion = 10.0.40219.1
Project("{8BC9CEB8-8B4A-11D0-8D11-00A0C91BC942}") = "FliteCMUKalDiphone", "FliteCMUKalDiphone\FliteCMUKalDiphone.vcxproj", "{467B0E23-5B34-45DA-A1B6-9C86B07A2864}"
EndProject
Project("{8BC9CEB8-8B4A-11D0-8D11-00A0C91BC942}") = "FliteTTSEngineObj", "FliteTTSEngineObj\FliteTTSEngineObj.vcxproj", "{190BF306-14E8-449F-B343-5A42ECCD87C9}"
EndProject
Project("{8BC9CEB8-8B4A-11D0-8D11-00A0C91BC942}") = "cmu_us_kal", "cmu_us_kal\cmu_us_kal.vcxproj", "{D1950F70-2B9E-4761-AD09-5D09FD2AE25A}"
EndProject
Project("{8BC9CEB8-8B4A-11D0-8D11-00A0C91BC942}") = "cmulex", "cmulex\cmulex.vcxproj", "{CC82D26B-9B9C-4E75-83F8-05CB445C72F0}"
EndProject
Project("{8BC9CEB8-8B4A-11D0-8D11-00A0C91BC942}") = "flite", "flite\flite.vcxproj", "{C8A762DF-2981-43E7-967D-1CD89CCA7F14}"
EndProject
Project("{8BC9CEB8-8B4A-11D0-8D11-00A0C91BC942}") = "usenglish", "usenglish\usenglish.vcxproj", "{B8637186-90A9-446C-967A-02174180C23F}"
EndProject
Project("{8BC9CEB8-8B4A-11D0-8D11-00A0C91BC942}") = "cmu_cg", "cmu_cg\cmu_cg.vcxproj", "{EC5A5CDD-0D26-4209-82C4-EEDD865E6E57}"
EndProject
Project("{8BC9CEB8-8B4A-11D0-8D11-00A0C91BC942}") = "FliteCMUGenericCG", "FliteCMUGenericCG\FliteCMUGenericCG.vcxproj", "{CB643967-71C6-4C26-86D7-15051EF2E258}"
	ProjectSection(ProjectDependencies) = postProject
		{190BF306-14E8-449F-B343-5A42ECCD87C9} = {190BF306-14E8-449F-B343-5A42ECCD87C9}
		{CC82D26B-9B9C-4E75-83F8-05CB445C72F0} = {CC82D26B-9B9C-4E75-83F8-05CB445C72F0}
		{B8637186-90A9-446C-967A-02174180C23F} = {B8637186-90A9-446C-967A-02174180C23F}
		{EC5A5CDD-0D26-4209-82C4-EEDD865E6E57} = {EC5A5CDD-0D26-4209-82C4-EEDD865E6E57}
		{C8A762DF-2981-43E7-967D-1CD89CCA7F14} = {C8A762DF-2981-43E7-967D-1CD89CCA7F14}
	EndProjectSection
EndProject
Project("{8BC9CEB8-8B4A-11D0-8D11-00A0C91BC942}") = "FliteCMUGenericCGPS", "FliteCMUGenericCG\FliteCMUGenericCGPS.vcxproj", "{20CE0DAF-0C96-4BAF-9216-3EAB957E1860}"
	ProjectSection(ProjectDependencies) = postProject
		{CB643967-71C6-4C26-86D7-15051EF2E258} = {CB643967-71C6-4C26-86D7-15051EF2E258}
	EndProjectSection
EndProject
Global
	GlobalSection(SolutionConfigurationPlatforms) = preSolution
		Debug|ARM = Debug|ARM
		Debug|x64 = Debug|x64
		Debug|x86 = Debug|x86
		Release|ARM = Release|ARM
		Release|x64 = Release|x64
		Release|x86 = Release|x86
		Template|ARM = Template|ARM
		Template|x64 = Template|x64
		Template|x86 = Template|x86
	EndGlobalSection
	GlobalSection(ProjectConfigurationPlatforms) = postSolution
		{467B0E23-5B34-45DA-A1B6-9C86B07A2864}.Debug|ARM.ActiveCfg = Debug|Win32
		{467B0E23-5B34-45DA-A1B6-9C86B07A2864}.Debug|x64.ActiveCfg = Debug|Win32
		{467B0E23-5B34-45DA-A1B6-9C86B07A2864}.Debug|x86.ActiveCfg = Debug|Win32
		{467B0E23-5B34-45DA-A1B6-9C86B07A2864}.Debug|x86.Build.0 = Debug|Win32
		{467B0E23-5B34-45DA-A1B6-9C86B07A2864}.Release|ARM.ActiveCfg = Debug|Win32
		{467B0E23-5B34-45DA-A1B6-9C86B07A2864}.Release|ARM.Build.0 = Debug|Win32
		{467B0E23-5B34-45DA-A1B6-9C86B07A2864}.Release|x64.ActiveCfg = Debug|Win32
		{467B0E23-5B34-45DA-A1B6-9C86B07A2864}.Release|x64.Build.0 = Debug|Win32
		{467B0E23-5B34-45DA-A1B6-9C86B07A2864}.Release|x86.ActiveCfg = Debug|Win32
		{467B0E23-5B34-45DA-A1B6-9C86B07A2864}.Release|x86.Build.0 = Debug|Win32
		{467B0E23-5B34-45DA-A1B6-9C86B07A2864}.Template|ARM.ActiveCfg = Debug|Win32
		{467B0E23-5B34-45DA-A1B6-9C86B07A2864}.Template|ARM.Build.0 = Debug|Win32
		{467B0E23-5B34-45DA-A1B6-9C86B07A2864}.Template|x64.ActiveCfg = Debug|Win32
		{467B0E23-5B34-45DA-A1B6-9C86B07A2864}.Template|x64.Build.0 = Debug|Win32
		{467B0E23-5B34-45DA-A1B6-9C86B07A2864}.Template|x86.ActiveCfg = Debug|Win32
		{467B0E23-5B34-45DA-A1B6-9C86B07A2864}.Template|x86.Build.0 = Debug|Win32
		{190BF306-14E8-449F-B343-5A42ECCD87C9}.Debug|ARM.ActiveCfg = Debug|Win32
		{190BF306-14E8-449F-B343-5A42ECCD87C9}.Debug|x64.ActiveCfg = Debug|x64
		{190BF306-14E8-449F-B343-5A42ECCD87C9}.Debug|x64.Build.0 = Debug|x64
		{190BF306-14E8-449F-B343-5A42ECCD87C9}.Debug|x86.ActiveCfg = Debug|Win32
		{190BF306-14E8-449F-B343-5A42ECCD87C9}.Debug|x86.Build.0 = Debug|Win32
		{190BF306-14E8-449F-B343-5A42ECCD87C9}.Release|ARM.ActiveCfg = Release|Win32
		{190BF306-14E8-449F-B343-5A42ECCD87C9}.Release|x64.ActiveCfg = Release|x64
		{190BF306-14E8-449F-B343-5A42ECCD87C9}.Release|x86.ActiveCfg = Release|Win32
		{190BF306-14E8-449F-B343-5A42ECCD87C9}.Release|x86.Build.0 = Release|Win32
		{190BF306-14E8-449F-B343-5A42ECCD87C9}.Template|ARM.ActiveCfg = Template|Win32
		{190BF306-14E8-449F-B343-5A42ECCD87C9}.Template|x64.ActiveCfg = Template|Win32
		{190BF306-14E8-449F-B343-5A42ECCD87C9}.Template|x86.ActiveCfg = Template|Win32
		{190BF306-14E8-449F-B343-5A42ECCD87C9}.Template|x86.Build.0 = Template|Win32
		{D1950F70-2B9E-4761-AD09-5D09FD2AE25A}.Debug|ARM.ActiveCfg = Debug|Win32
		{D1950F70-2B9E-4761-AD09-5D09FD2AE25A}.Debug|x64.ActiveCfg = Debug|Win32
		{D1950F70-2B9E-4761-AD09-5D09FD2AE25A}.Debug|x86.ActiveCfg = Debug|Win32
		{D1950F70-2B9E-4761-AD09-5D09FD2AE25A}.Debug|x86.Build.0 = Debug|Win32
		{D1950F70-2B9E-4761-AD09-5D09FD2AE25A}.Release|ARM.ActiveCfg = Release|Win32
		{D1950F70-2B9E-4761-AD09-5D09FD2AE25A}.Release|x64.ActiveCfg = Release|Win32
		{D1950F70-2B9E-4761-AD09-5D09FD2AE25A}.Release|x86.ActiveCfg = Release|Win32
		{D1950F70-2B9E-4761-AD09-5D09FD2AE25A}.Release|x86.Build.0 = Release|Win32
		{D1950F70-2B9E-4761-AD09-5D09FD2AE25A}.Template|ARM.ActiveCfg = Template|Win32
		{D1950F70-2B9E-4761-AD09-5D09FD2AE25A}.Template|x64.ActiveCfg = Template|Win32
		{D1950F70-2B9E-4761-AD09-5D09FD2AE25A}.Template|x86.ActiveCfg = Template|Win32
		{D1950F70-2B9E-4761-AD09-5D09FD2AE25A}.Template|x86.Build.0 = Template|Win32
		{CC82D26B-9B9C-4E75-83F8-05CB445C72F0}.Debug|ARM.ActiveCfg = Debug|Win32
		{CC82D26B-9B9C-4E75-83F8-05CB445C72F0}.Debug|x64.ActiveCfg = Debug|x64
		{CC82D26B-9B9C-4E75-83F8-05CB445C72F0}.Debug|x64.Build.0 = Debug|x64
		{CC82D26B-9B9C-4E75-83F8-05CB445C72F0}.Debug|x86.ActiveCfg = Debug|Win32
		{CC82D26B-9B9C-4E75-83F8-05CB445C72F0}.Debug|x86.Build.0 = Debug|Win32
		{CC82D26B-9B9C-4E75-83F8-05CB445C72F0}.Release|ARM.ActiveCfg = Release|Win32
		{CC82D26B-9B9C-4E75-83F8-05CB445C72F0}.Release|x64.ActiveCfg = Release|x64
		{CC82D26B-9B9C-4E75-83F8-05CB445C72F0}.Release|x86.ActiveCfg = Release|Win32
		{CC82D26B-9B9C-4E75-83F8-05CB445C72F0}.Release|x86.Build.0 = Release|Win32
		{CC82D26B-9B9C-4E75-83F8-05CB445C72F0}.Template|ARM.ActiveCfg = Template|Win32
		{CC82D26B-9B9C-4E75-83F8-05CB445C72F0}.Template|x64.ActiveCfg = Template|Win32
		{CC82D26B-9B9C-4E75-83F8-05CB445C72F0}.Template|x86.ActiveCfg = Template|Win32
		{CC82D26B-9B9C-4E75-83F8-05CB445C72F0}.Template|x86.Build.0 = Template|Win32
		{C8A762DF-2981-43E7-967D-1CD89CCA7F14}.Debug|ARM.ActiveCfg = Debug|Win32
		{C8A762DF-2981-43E7-967D-1CD89CCA7F14}.Debug|x64.ActiveCfg = Debug|x64
		{C8A762DF-2981-43E7-967D-1CD89CCA7F14}.Debug|x64.Build.0 = Debug|x64
		{C8A762DF-2981-43E7-967D-1CD89CCA7F14}.Debug|x86.ActiveCfg = Debug|Win32
		{C8A762DF-2981-43E7-967D-1CD89CCA7F14}.Debug|x86.Build.0 = Debug|Win32
		{C8A762DF-2981-43E7-967D-1CD89CCA7F14}.Release|ARM.ActiveCfg = Release|Win32
		{C8A762DF-2981-43E7-967D-1CD89CCA7F14}.Release|x64.ActiveCfg = Release|x64
		{C8A762DF-2981-43E7-967D-1CD89CCA7F14}.Release|x86.ActiveCfg = Release|Win32
		{C8A762DF-2981-43E7-967D-1CD89CCA7F14}.Release|x86.Build.0 = Release|Win32
		{C8A762DF-2981-43E7-967D-1CD89CCA7F14}.Template|ARM.ActiveCfg = Template|Win32
		{C8A762DF-2981-43E7-967D-1CD89CCA7F14}.Template|x64.ActiveCfg = Template|Win32
		{C8A762DF-2981-43E7-967D-1CD89CCA7F14}.Template|x86.ActiveCfg = Template|Win32
		{C8A762DF-2981-43E7-967D-1CD89CCA7F14}.Template|x86.Build.0 = Template|Win32
		{B8637186-90A9-446C-967A-02174180C23F}.Debug|ARM.ActiveCfg = Debug|Win32
		{B8637186-90A9-446C-967A-02174180C23F}.Debug|x64.ActiveCfg = Debug|x64
		{B8637186-90A9-446C-967A-02174180C23F}.Debug|x64.Build.0 = Debug|x64
		{B8637186-90A9-446C-967A-02174180C23F}.Debug|x86.ActiveCfg = Debug|Win32
		{B8637186-90A9-446C-967A-02174180C23F}.Debug|x86.Build.0 = Debug|Win32
		{B8637186-90A9-446C-967A-02174180C23F}.Release|ARM.ActiveCfg = Release|Win32
		{B8637186-90A9-446C-967A-02174180C23F}.Release|x64.ActiveCfg = Release|x64
		{B8637186-90A9-446C-967A-02174180C23F}.Release|x86.ActiveCfg = Release|Win32
		{B8637186-90A9-446C-967A-02174180C23F}.Release|x86.Build.0 = Release|Win32
		{B8637186-90A9-446C-967A-02174180C23F}.Template|ARM.ActiveCfg = Template|Win32
		{B8637186-90A9-446C-967A-02174180C23F}.Template|x64.ActiveCfg = Template|Win32
		{B8637186-90A9-446C-967A-02174180C23F}.Template|x86.ActiveCfg = Template|Win32
		{B8637186-90A9-446C-967A-02174180C23F}.Template|x86.Build.0 = Template|Win32
		{EC5A5CDD-0D26-4209-82C4-EEDD865E6E57}.Debug|ARM.ActiveCfg = Debug|Win32
		{EC5A5CDD-0D26-4209-82C4-EEDD865E6E57}.Debug|x64.ActiveCfg = Debug|x64
		{EC5A5CDD-0D26-4209-82C4-EEDD865E6E57}.Debug|x64.Build.0 = Debug|x64
		{EC5A5CDD-0D26-4209-82C4-EEDD865E6E57}.Debug|x86.ActiveCfg = Debug|Win32
		{EC5A5CDD-0D26-4209-82C4-EEDD865E6E57}.Debug|x86.Build.0 = Debug|Win32
		{EC5A5CDD-0D26-4209-82C4-EEDD865E6E57}.Release|ARM.ActiveCfg = Release|Win32
		{EC5A5CDD-0D26-4209-82C4-EEDD865E6E57}.Release|x64.ActiveCfg = Release|x64
		{EC5A5CDD-0D26-4209-82C4-EEDD865E6E57}.Release|x64.Build.0 = Release|x64
		{EC5A5CDD-0D26-4209-82C4-EEDD865E6E57}.Release|x86.ActiveCfg = Release|Win32
		{EC5A5CDD-0D26-4209-82C4-EEDD865E6E57}.Release|x86.Build.0 = Release|Win32
		{EC5A5CDD-0D26-4209-82C4-EEDD865E6E57}.Template|ARM.ActiveCfg = Release|x64
		{EC5A5CDD-0D26-4209-82C4-EEDD865E6E57}.Template|ARM.Build.0 = Release|x64
		{EC5A5CDD-0D26-4209-82C4-EEDD865E6E57}.Template|x64.ActiveCfg = Release|x64
		{EC5A5CDD-0D26-4209-82C4-EEDD865E6E57}.Template|x64.Build.0 = Release|x64
		{EC5A5CDD-0D26-4209-82C4-EEDD865E6E57}.Template|x86.ActiveCfg = Release|Win32
		{EC5A5CDD-0D26-4209-82C4-EEDD865E6E57}.Template|x86.Build.0 = Release|Win32
		{CB643967-71C6-4C26-86D7-15051EF2E258}.Debug|ARM.ActiveCfg = Debug|Win32
		{CB643967-71C6-4C26-86D7-15051EF2E258}.Debug|x64.ActiveCfg = Debug|x64
		{CB643967-71C6-4C26-86D7-15051EF2E258}.Debug|x64.Build.0 = Debug|x64
		{CB643967-71C6-4C26-86D7-15051EF2E258}.Debug|x86.ActiveCfg = Debug|Win32
		{CB643967-71C6-4C26-86D7-15051EF2E258}.Debug|x86.Build.0 = Debug|Win32
		{CB643967-71C6-4C26-86D7-15051EF2E258}.Release|ARM.ActiveCfg = Release|Win32
		{CB643967-71C6-4C26-86D7-15051EF2E258}.Release|x64.ActiveCfg = Release|x64
		{CB643967-71C6-4C26-86D7-15051EF2E258}.Release|x64.Build.0 = Release|x64
		{CB643967-71C6-4C26-86D7-15051EF2E258}.Release|x86.ActiveCfg = Release|Win32
		{CB643967-71C6-4C26-86D7-15051EF2E258}.Release|x86.Build.0 = Release|Win32
		{CB643967-71C6-4C26-86D7-15051EF2E258}.Template|ARM.ActiveCfg = Release|x64
		{CB643967-71C6-4C26-86D7-15051EF2E258}.Template|ARM.Build.0 = Release|x64
		{CB643967-71C6-4C26-86D7-15051EF2E258}.Template|x64.ActiveCfg = Release|x64
		{CB643967-71C6-4C26-86D7-15051EF2E258}.Template|x64.Build.0 = Release|x64
		{CB643967-71C6-4C26-86D7-15051EF2E258}.Template|x86.ActiveCfg = Release|Win32
		{CB643967-71C6-4C26-86D7-15051EF2E258}.Template|x86.Build.0 = Release|Win32
		{20CE0DAF-0C96-4BAF-9216-3EAB957E1860}.Debug|ARM.ActiveCfg = Debug|Win32
		{20CE0DAF-0C96-4BAF-9216-3EAB957E1860}.Debug|x64.ActiveCfg = Debug|x64
		{20CE0DAF-0C96-4BAF-9216-3EAB957E1860}.Debug|x86.ActiveCfg = Debug|Win32
		{20CE0DAF-0C96-4BAF-9216-3EAB957E1860}.Release|ARM.ActiveCfg = Release|Win32
		{20CE0DAF-0C96-4BAF-9216-3EAB957E1860}.Release|x64.ActiveCfg = Release|x64
		{20CE0DAF-0C96-4BAF-9216-3EAB957E1860}.Release|x86.ActiveCfg = Release|Win32
		{20CE0DAF-0C96-4BAF-9216-3EAB957E1860}.Template|ARM.ActiveCfg = Release|x64
		{20CE0DAF-0C96-4BAF-9216-3EAB957E1860}.Template|x64.ActiveCfg = Release|x64
		{20CE0DAF-0C96-4BAF-9216-3EAB957E1860}.Template|x86.ActiveCfg = Release|Win32
	EndGlobalSection
	GlobalSection(SolutionProperties) = preSolution
		HideSolutionNode = FALSE
	EndGlobalSection
EndGlobal
