<?xml version="1.0" encoding="utf-8"?>
<Project ToolsVersion="4.0" xmlns="http://schemas.microsoft.com/developer/msbuild/2003">
  <ItemGroup>
    <Filter Include="Source Files">
      <UniqueIdentifier>{1b9d7629-2aaa-4343-87fc-37e00275ab6d}</UniqueIdentifier>
      <Extensions>cpp;c;cxx;rc;def;r;odl;idl;hpj;bat</Extensions>
    </Filter>
    <Filter Include="Header Files">
      <UniqueIdentifier>{bd374f15-d115-49cb-a036-b2e42e970cb5}</UniqueIdentifier>
      <Extensions>h;hpp;hxx;hm;inl</Extensions>
    </Filter>
  </ItemGroup>
  <ItemGroup>
    <ClCompile Include="..\..\lang\cmu_us_kal\cmu_us_kal.c">
      <Filter>Source Files</Filter>
    </ClCompile>
    <ClCompile Include="..\..\lang\cmu_us_kal\cmu_us_kal_diphone.c">
      <Filter>Source Files</Filter>
    </ClCompile>
    <ClCompile Include="..\..\lang\cmu_us_kal\cmu_us_kal_lpc.c">
      <Filter>Source Files</Filter>
    </ClCompile>
    <ClCompile Include="..\..\lang\cmu_us_kal\cmu_us_kal_res.c">
      <Filter>Source Files</Filter>
    </ClCompile>
    <ClCompile Include="..\..\lang\cmu_us_kal\cmu_us_kal_residx.c">
      <Filter>Source Files</Filter>
    </ClCompile>
    <ClCompile Include="..\..\lang\cmu_us_kal\cmu_us_kal_ressize.c">
      <Filter>Source Files</Filter>
    </ClCompile>
  </ItemGroup>
</Project>