<?xml version="1.0" encoding="utf-8"?>
<Project ToolsVersion="4.0" xmlns="http://schemas.microsoft.com/developer/msbuild/2003">
  <ItemGroup>
    <Filter Include="Source Files">
      <UniqueIdentifier>{da8a47a7-40ff-42df-9f51-19ee51a4f6f5}</UniqueIdentifier>
    </Filter>
    <Filter Include="Generated Files">
      <UniqueIdentifier>{8775748f-a453-47da-ad75-65a6a58865a9}</UniqueIdentifier>
      <SourceControlFiles>False</SourceControlFiles>
    </Filter>
  </ItemGroup>
  <ItemGroup>
    <None Include="FliteCMUGenericCGps.def" />
  </ItemGroup>
  <ItemGroup>
    <ClCompile Include="FliteCMUGenericCG_i.c">
      <Filter>Generated Files</Filter>
    </ClCompile>
    <ClCompile Include="FliteCMUGenericCG_p.c">
      <Filter>Generated Files</Filter>
    </ClCompile>
    <ClCompile Include="dlldata.c">
      <Filter>Generated Files</Filter>
    </ClCompile>
  </ItemGroup>
</Project>