<?xml version="1.0" encoding="utf-8"?>
<Project ToolsVersion="4.0" xmlns="http://schemas.microsoft.com/developer/msbuild/2003">
  <ItemGroup>
    <Filter Include="Source Files">
      <UniqueIdentifier>{95d1bb67-2463-4979-82c4-231357b83ece}</UniqueIdentifier>
      <Extensions>cpp;c;cxx;rc;def;r;odl;idl;hpj;bat</Extensions>
    </Filter>
    <Filter Include="Header Files">
      <UniqueIdentifier>{53ae0df7-8fed-496c-9ff1-eb7706d75748}</UniqueIdentifier>
      <Extensions>h;hpp;hxx;hm;inl</Extensions>
    </Filter>
  </ItemGroup>
  <ItemGroup>
    <ClInclude Include="..\..\lang\cmulex\cmu_lex.h">
      <Filter>Header Files</Filter>
    </ClInclude>
    <ClInclude Include="..\..\lang\cmulex\cmu_lts_model.h">
      <Filter>Header Files</Filter>
    </ClInclude>
  </ItemGroup>
  <ItemGroup>
    <ClCompile Include="..\..\lang\cmulex\cmu_lex.c">
      <Filter>Source Files</Filter>
    </ClCompile>
    <ClCompile Include="..\..\lang\cmulex\cmu_lts_model.c">
      <Filter>Source Files</Filter>
    </ClCompile>
    <ClCompile Include="..\..\lang\cmulex\cmu_lts_rules.c">
      <Filter>Source Files</Filter>
    </ClCompile>
    <ClCompile Include="..\..\lang\cmulex\cmu_postlex.c">
      <Filter>Source Files</Filter>
    </ClCompile>
    <ClCompile Include="..\..\lang\cmulex\cmu_lex_data.c">
      <Filter>Source Files</Filter>
    </ClCompile>
    <ClCompile Include="..\..\lang\cmulex\cmu_lex_entries.c">
      <Filter>Source Files</Filter>
    </ClCompile>
  </ItemGroup>
</Project>